
Microsoft Visual Studio Solution File, Format Version 12.00
# Visual Studio Version 17
VisualStudioVersion = 17.8.34309.116
MinimumVisualStudioVersion = 10.0.40219.1
Project("{FAE04EC0-301F-11D3-BF4B-00C04F79EFBC}") = "API", "API.csproj", "{941DBC8F-B94B-4D49-8C5D-F5CA94CBD56C}"
EndProject
Project("{FAE04EC0-301F-11D3-BF4B-00C04F79EFBC}") = "Infrastructure", "..\Infrastructure\Infrastructure.csproj", "{3303C341-E510-49D9-9570-AD95C8016E13}"
EndProject
Project("{FAE04EC0-301F-11D3-BF4B-00C04F79EFBC}") = "Core", "..\Core\Core.csproj", "{8D966354-1F2A-4BA3-ABCD-97251B6D7381}"
EndProject
Global
	GlobalSection(SolutionConfigurationPlatforms) = preSolution
		Debug|Any CPU = Debug|Any CPU
		Release|Any CPU = Release|Any CPU
	EndGlobalSection
	GlobalSection(ProjectConfigurationPlatforms) = postSolution
		{941DBC8F-B94B-4D49-8C5D-F5CA94CBD56C}.Debug|Any CPU.ActiveCfg = Debug|Any CPU
		{941DBC8F-B94B-4D49-8C5D-F5CA94CBD56C}.Debug|Any CPU.Build.0 = Debug|Any CPU
		{941DBC8F-B94B-4D49-8C5D-F5CA94CBD56C}.Release|Any CPU.ActiveCfg = Release|Any CPU
		{941DBC8F-B94B-4D49-8C5D-F5CA94CBD56C}.Release|Any CPU.Build.0 = Release|Any CPU
		{3303C341-E510-49D9-9570-AD95C8016E13}.Debug|Any CPU.ActiveCfg = Debug|Any CPU
		{3303C341-E510-49D9-9570-AD95C8016E13}.Debug|Any CPU.Build.0 = Debug|Any CPU
		{3303C341-E510-49D9-9570-AD95C8016E13}.Release|Any CPU.ActiveCfg = Release|Any CPU
		{3303C341-E510-49D9-9570-AD95C8016E13}.Release|Any CPU.Build.0 = Release|Any CPU
		{8D966354-1F2A-4BA3-ABCD-97251B6D7381}.Debug|Any CPU.ActiveCfg = Debug|Any CPU
		{8D966354-1F2A-4BA3-ABCD-97251B6D7381}.Debug|Any CPU.Build.0 = Debug|Any CPU
		{8D966354-1F2A-4BA3-ABCD-97251B6D7381}.Release|Any CPU.ActiveCfg = Release|Any CPU
		{8D966354-1F2A-4BA3-ABCD-97251B6D7381}.Release|Any CPU.Build.0 = Release|Any CPU
	EndGlobalSection
	GlobalSection(SolutionProperties) = preSolution
		HideSolutionNode = FALSE
	EndGlobalSection
	GlobalSection(ExtensibilityGlobals) = postSolution
		SolutionGuid = {636E588D-FC68-4FBF-81ED-2A720BB16810}
	EndGlobalSection
EndGlobal
